// !$*UTF8*$!
{
	archiveVersion = 1;
	classes = {
	};
	objectVersion = 50;
	objects = {

/* Begin PBXBuildFile section */
		84452043286D7443009680F1 /* AppDelegate.swift in Sources */ = {isa = PBXBuildFile; fileRef = 84452042286D7443009680F1 /* AppDelegate.swift */; };
		84452045286D7443009680F1 /* SceneDelegate.swift in Sources */ = {isa = PBXBuildFile; fileRef = 84452044286D7443009680F1 /* SceneDelegate.swift */; };
		84452047286D7443009680F1 /* ViewController.swift in Sources */ = {isa = PBXBuildFile; fileRef = 84452046286D7443009680F1 /* ViewController.swift */; };
		8445204A286D7444009680F1 /* Main.storyboard in Resources */ = {isa = PBXBuildFile; fileRef = 84452048286D7444009680F1 /* Main.storyboard */; };
		8445204C286D744A009680F1 /* Assets.xcassets in Resources */ = {isa = PBXBuildFile; fileRef = 8445204B286D744A009680F1 /* Assets.xcassets */; };
		8445204F286D744A009680F1 /* LaunchScreen.storyboard in Resources */ = {isa = PBXBuildFile; fileRef = 8445204D286D744A009680F1 /* LaunchScreen.storyboard */; };
		84452057286D77EC009680F1 /* newFile.swift in Sources */ = {isa = PBXBuildFile; fileRef = 84452056286D77EC009680F1 /* newFile.swift */; };
		84452059286DA7C5009680F1 /* dev.swift in Sources */ = {isa = PBXBuildFile; fileRef = 84452058286DA7C5009680F1 /* dev.swift */; };
/* End PBXBuildFile section */

/* Begin PBXFileReference section */
		8445203F286D7443009680F1 /* git test.app */ = {isa = PBXFileReference; explicitFileType = wrapper.application; includeInIndex = 0; path = "git test.app"; sourceTree = BUILT_PRODUCTS_DIR; };
		84452042286D7443009680F1 /* AppDelegate.swift */ = {isa = PBXFileReference; lastKnownFileType = sourcecode.swift; path = AppDelegate.swift; sourceTree = "<group>"; };
		84452044286D7443009680F1 /* SceneDelegate.swift */ = {isa = PBXFileReference; lastKnownFileType = sourcecode.swift; path = SceneDelegate.swift; sourceTree = "<group>"; };
		84452046286D7443009680F1 /* ViewController.swift */ = {isa = PBXFileReference; lastKnownFileType = sourcecode.swift; path = ViewController.swift; sourceTree = "<group>"; };
		84452049286D7444009680F1 /* Base */ = {isa = PBXFileReference; lastKnownFileType = file.storyboard; name = Base; path = Base.lproj/Main.storyboard; sourceTree = "<group>"; };
		8445204B286D744A009680F1 /* Assets.xcassets */ = {isa = PBXFileReference; lastKnownFileType = folder.assetcatalog; path = Assets.xcassets; sourceTree = "<group>"; };
		8445204E286D744A009680F1 /* Base */ = {isa = PBXFileReference; lastKnownFileType = file.storyboard; name = Base; path = Base.lproj/LaunchScreen.storyboard; sourceTree = "<group>"; };
		84452050286D744A009680F1 /* Info.plist */ = {isa = PBXFileReference; lastKnownFileType = text.plist.xml; path = Info.plist; sourceTree = "<group>"; };
		84452056286D77EC009680F1 /* newFile.swift */ = {isa = PBXFileReference; lastKnownFileType = sourcecode.swift; path = newFile.swift; sourceTree = "<group>"; };
		84452058286DA7C5009680F1 /* dev.swift */ = {isa = PBXFileReference; lastKnownFileType = sourcecode.swift; path = dev.swift; sourceTree = "<group>"; };
/* End PBXFileReference section */

/* Begin PBXFrameworksBuildPhase section */
		8445203C286D7443009680F1 /* Frameworks */ = {
			isa = PBXFrameworksBuildPhase;
			buildActionMask = 2147483647;
			files = (
			);
			runOnlyForDeploymentPostprocessing = 0;
		};
/* End PBXFrameworksBuildPhase section */

/* Begin PBXGroup section */
		84452036286D7443009680F1 = {
			isa = PBXGroup;
			children = (
				84452041286D7443009680F1 /* git test */,
				84452040286D7443009680F1 /* Products */,
			);
			sourceTree = "<group>";
		};
		84452040286D7443009680F1 /* Products */ = {
			isa = PBXGroup;
			children = (
				8445203F286D7443009680F1 /* git test.app */,
			);
			name = Products;
			sourceTree = "<group>";
		};
		84452041286D7443009680F1 /* git test */ = {
			isa = PBXGroup;
			children = (
				84452042286D7443009680F1 /* AppDelegate.swift */,
				84452044286D7443009680F1 /* SceneDelegate.swift */,
				84452046286D7443009680F1 /* ViewController.swift */,
				84452056286D77EC009680F1 /* newFile.swift */,
				84452058286DA7C5009680F1 /* dev.swift */,
				84452048286D7444009680F1 /* Main.storyboard */,
				8445204B286D744A009680F1 /* Assets.xcassets */,
				8445204D286D744A009680F1 /* LaunchScreen.storyboard */,
				84452050286D744A009680F1 /* Info.plist */,
			);
			path = "git test";
			sourceTree = "<group>";
		};
/* End PBXGroup section */

/* Begin PBXNativeTarget section */
		8445203E286D7443009680F1 /* git test */ = {
			isa = PBXNativeTarget;
			buildConfigurationList = 84452053286D744A009680F1 /* Build configuration list for PBXNativeTarget "git test" */;
			buildPhases = (
				8445203B286D7443009680F1 /* Sources */,
				8445203C286D7443009680F1 /* Frameworks */,
				8445203D286D7443009680F1 /* Resources */,
			);
			buildRules = (
			);
			dependencies = (
			);
			name = "git test";
			productName = "git test";
			productReference = 8445203F286D7443009680F1 /* git test.app */;
			productType = "com.apple.product-type.application";
		};
/* End PBXNativeTarget section */

/* Begin PBXProject section */
		84452037286D7443009680F1 /* Project object */ = {
			isa = PBXProject;
			attributes = {
				LastSwiftUpdateCheck = 1170;
				LastUpgradeCheck = 1170;
				ORGANIZATIONNAME = "Debjit Jana";
				TargetAttributes = {
					8445203E286D7443009680F1 = {
						CreatedOnToolsVersion = 11.7;
					};
				};
			};
			buildConfigurationList = 8445203A286D7443009680F1 /* Build configuration list for PBXProject "git test" */;
			compatibilityVersion = "Xcode 9.3";
			developmentRegion = en;
			hasScannedForEncodings = 0;
			knownRegions = (
				en,
				Base,
			);
			mainGroup = 84452036286D7443009680F1;
			productRefGroup = 84452040286D7443009680F1 /* Products */;
			projectDirPath = "";
			projectRoot = "";
			targets = (
				8445203E286D7443009680F1 /* git test */,
			);
		};
/* End PBXProject section */

/* Begin PBXResourcesBuildPhase section */
		8445203D286D7443009680F1 /* Resources */ = {
			isa = PBXResourcesBuildPhase;
			buildActionMask = 2147483647;
			files = (
				8445204F286D744A009680F1 /* LaunchScreen.storyboard in Resources */,
				8445204C286D744A009680F1 /* Assets.xcassets in Resources */,
				8445204A286D7444009680F1 /* Main.storyboard in Resources */,
			);
			runOnlyForDeploymentPostprocessing = 0;
		};
/* End PBXResourcesBuildPhase section */

/* Begin PBXSourcesBuildPhase section */
		8445203B286D7443009680F1 /* Sources */ = {
			isa = PBXSourcesBuildPhase;
			buildActionMask = 2147483647;
			files = (
				84452047286D7443009680F1 /* ViewController.swift in Sources */,
				84452059286DA7C5009680F1 /* dev.swift in Sources */,
				84452043286D7443009680F1 /* AppDelegate.swift in Sources */,
				84452057286D77EC009680F1 /* newFile.swift in Sources */,
				84452045286D7443009680F1 /* SceneDelegate.swift in Sources */,
			);
			runOnlyForDeploymentPostprocessing = 0;
		};
/* End PBXSourcesBuildPhase section */

/* Begin PBXVariantGroup section */
		84452048286D7444009680F1 /* Main.storyboard */ = {
			isa = PBXVariantGroup;
			children = (
				84452049286D7444009680F1 /* Base */,
			);
			name = Main.storyboard;
			sourceTree = "<group>";
		};
		8445204D286D744A009680F1 /* LaunchScreen.storyboard */ = {
			isa = PBXVariantGroup;
			children = (
				8445204E286D744A009680F1 /* Base */,
			);
			name = LaunchScreen.storyboard;
			sourceTree = "<group>";
		};
/* End PBXVariantGroup section */

/* Begin XCBuildConfiguration section */
		84452051286D744A009680F1 /* Debug */ = {
			isa = XCBuildConfiguration;
			buildSettings = {
				ALWAYS_SEARCH_USER_PATHS = NO;
				CLANG_ANALYZER_NONNULL = YES;
				CLANG_ANALYZER_NUMBER_OBJECT_CONVERSION = YES_AGGRESSIVE;
				CLANG_CXX_LANGUAGE_STANDARD = "gnu++14";
				CLANG_CXX_LIBRARY = "libc++";
				CLANG_ENABLE_MODULES = YES;
				CLANG_ENABLE_OBJC_ARC = YES;
				CLANG_ENABLE_OBJC_WEAK = YES;
				CLANG_WARN_BLOCK_CAPTURE_AUTORELEASING = YES;
				CLANG_WARN_BOOL_CONVERSION = YES;
				CLANG_WARN_COMMA = YES;
				CLANG_WARN_CONSTANT_CONVERSION = YES;
				CLANG_WARN_DEPRECATED_OBJC_IMPLEMENTATIONS = YES;
				CLANG_WARN_DIRECT_OBJC_ISA_USAGE = YES_ERROR;
				CLANG_WARN_DOCUMENTATION_COMMENTS = YES;
				CLANG_WARN_EMPTY_BODY = YES;
				CLANG_WARN_ENUM_CONVERSION = YES;
				CLANG_WARN_INFINITE_RECURSION = YES;
				CLANG_WARN_INT_CONVERSION = YES;
				CLANG_WARN_NON_LITERAL_NULL_CONVERSION = YES;
				CLANG_WARN_OBJC_IMPLICIT_RETAIN_SELF = YES;
				CLANG_WARN_OBJC_LITERAL_CONVERSION = YES;
				CLANG_WARN_OBJC_ROOT_CLASS = YES_ERROR;
				CLANG_WARN_RANGE_LOOP_ANALYSIS = YES;
				CLANG_WARN_STRICT_PROTOTYPES = YES;
				CLANG_WARN_SUSPICIOUS_MOVE = YES;
				CLANG_WARN_UNGUARDED_AVAILABILITY = YES_AGGRESSIVE;
				CLANG_WARN_UNREACHABLE_CODE = YES;
				CLANG_WARN__DUPLICATE_METHOD_MATCH = YES;
				COPY_PHASE_STRIP = NO;
				DEBUG_INFORMATION_FORMAT = dwarf;
				ENABLE_STRICT_OBJC_MSGSEND = YES;
				ENABLE_TESTABILITY = YES;
				GCC_C_LANGUAGE_STANDARD = gnu11;
				GCC_DYNAMIC_NO_PIC = NO;
				GCC_NO_COMMON_BLOCKS = YES;
				GCC_OPTIMIZATION_LEVEL = 0;
				GCC_PREPROCESSOR_DEFINITIONS = (
					"DEBUG=1",
					"$(inherited)",
				);
				GCC_WARN_64_TO_32_BIT_CONVERSION = YES;
				GCC_WARN_ABOUT_RETURN_TYPE = YES_ERROR;
				GCC_WARN_UNDECLARED_SELECTOR = YES;
				GCC_WARN_UNINITIALIZED_AUTOS = YES_AGGRESSIVE;
				GCC_WARN_UNUSED_FUNCTION = YES;
				GCC_WARN_UNUSED_VARIABLE = YES;
				IPHONEOS_DEPLOYMENT_TARGET = 13.7;
				MTL_ENABLE_DEBUG_INFO = INCLUDE_SOURCE;
				MTL_FAST_MATH = YES;
				ONLY_ACTIVE_ARCH = YES;
				SDKROOT = iphoneos;
				SWIFT_ACTIVE_COMPILATION_CONDITIONS = DEBUG;
				SWIFT_OPTIMIZATION_LEVEL = "-Onone";
			};
			name = Debug;
		};
		84452052286D744A009680F1 /* Release */ = {
			isa = XCBuildConfiguration;
			buildSettings = {
				ALWAYS_SEARCH_USER_PATHS = NO;
				CLANG_ANALYZER_NONNULL = YES;
				CLANG_ANALYZER_NUMBER_OBJECT_CONVERSION = YES_AGGRESSIVE;
				CLANG_CXX_LANGUAGE_STANDARD = "gnu++14";
				CLANG_CXX_LIBRARY = "libc++";
				CLANG_ENABLE_MODULES = YES;
				CLANG_ENABLE_OBJC_ARC = YES;
				CLANG_ENABLE_OBJC_WEAK = YES;
				CLANG_WARN_BLOCK_CAPTURE_AUTORELEASING = YES;
				CLANG_WARN_BOOL_CONVERSION = YES;
				CLANG_WARN_COMMA = YES;
				CLANG_WARN_CONSTANT_CONVERSION = YES;
				CLANG_WARN_DEPRECATED_OBJC_IMPLEMENTATIONS = YES;
				CLANG_WARN_DIRECT_OBJC_ISA_USAGE = YES_ERROR;
				CLANG_WARN_DOCUMENTATION_COMMENTS = YES;
				CLANG_WARN_EMPTY_BODY = YES;
				CLANG_WARN_ENUM_CONVERSION = YES;
				CLANG_WARN_INFINITE_RECURSION = YES;
				CLANG_WARN_INT_CONVERSION = YES;
				CLANG_WARN_NON_LITERAL_NULL_CONVERSION = YES;
				CLANG_WARN_OBJC_IMPLICIT_RETAIN_SELF = YES;
				CLANG_WARN_OBJC_LITERAL_CONVERSION = YES;
				CLANG_WARN_OBJC_ROOT_CLASS = YES_ERROR;
				CLANG_WARN_RANGE_LOOP_ANALYSIS = YES;
				CLANG_WARN_STRICT_PROTOTYPES = YES;
				CLANG_WARN_SUSPICIOUS_MOVE = YES;
				CLANG_WARN_UNGUARDED_AVAILABILITY = YES_AGGRESSIVE;
				CLANG_WARN_UNREACHABLE_CODE = YES;
				CLANG_WARN__DUPLICATE_METHOD_MATCH = YES;
				COPY_PHASE_STRIP = NO;
				DEBUG_INFORMATION_FORMAT = "dwarf-with-dsym";
				ENABLE_NS_ASSERTIONS = NO;
				ENABLE_STRICT_OBJC_MSGSEND = YES;
				GCC_C_LANGUAGE_STANDARD = gnu11;
				GCC_NO_COMMON_BLOCKS = YES;
				GCC_WARN_64_TO_32_BIT_CONVERSION = YES;
				GCC_WARN_ABOUT_RETURN_TYPE = YES_ERROR;
				GCC_WARN_UNDECLARED_SELECTOR = YES;
				GCC_WARN_UNINITIALIZED_AUTOS = YES_AGGRESSIVE;
				GCC_WARN_UNUSED_FUNCTION = YES;
				GCC_WARN_UNUSED_VARIABLE = YES;
				IPHONEOS_DEPLOYMENT_TARGET = 13.7;
				MTL_ENABLE_DEBUG_INFO = NO;
				MTL_FAST_MATH = YES;
				SDKROOT = iphoneos;
				SWIFT_COMPILATION_MODE = wholemodule;
				SWIFT_OPTIMIZATION_LEVEL = "-O";
				VALIDATE_PRODUCT = YES;
			};
			name = Release;
		};
		84452054286D744A009680F1 /* Debug */ = {
			isa = XCBuildConfiguration;
			buildSettings = {
				ASSETCATALOG_COMPILER_APPICON_NAME = AppIcon;
				CODE_SIGN_STYLE = Automatic;
				DEVELOPMENT_TEAM = HA76W382R2;
				INFOPLIST_FILE = "git test/Info.plist";
				LD_RUNPATH_SEARCH_PATHS = (
					"$(inherited)",
					"@executable_path/Frameworks",
				);
				PRODUCT_BUNDLE_IDENTIFIER = "micronix.git-test";
				PRODUCT_NAME = "$(TARGET_NAME)";
				SWIFT_VERSION = 5.0;
				TARGETED_DEVICE_FAMILY = "1,2";
			};
			name = Debug;
		};
		84452055286D744A009680F1 /* Release */ = {
			isa = XCBuildConfiguration;
			buildSettings = {
				ASSETCATALOG_COMPILER_APPICON_NAME = AppIcon;
				CODE_SIGN_STYLE = Automatic;
				DEVELOPMENT_TEAM = HA76W382R2;
				INFOPLIST_FILE = "git test/Info.plist";
				LD_RUNPATH_SEARCH_PATHS = (
					"$(inherited)",
					"@executable_path/Frameworks",
				);
				PRODUCT_BUNDLE_IDENTIFIER = "micronix.git-test";
				PRODUCT_NAME = "$(TARGET_NAME)";
				SWIFT_VERSION = 5.0;
				TARGETED_DEVICE_FAMILY = "1,2";
			};
			name = Release;
		};
/* End XCBuildConfiguration section */

/* Begin XCConfigurationList section */
		8445203A286D7443009680F1 /* Build configuration list for PBXProject "git test" */ = {
			isa = XCConfigurationList;
			buildConfigurations = (
				84452051286D744A009680F1 /* Debug */,
				84452052286D744A009680F1 /* Release */,
			);
			defaultConfigurationIsVisible = 0;
			defaultConfigurationName = Release;
		};
		84452053286D744A009680F1 /* Build configuration list for PBXNativeTarget "git test" */ = {
			isa = XCConfigurationList;
			buildConfigurations = (
				84452054286D744A009680F1 /* Debug */,
				84452055286D744A009680F1 /* Release */,
			);
			defaultConfigurationIsVisible = 0;
			defaultConfigurationName = Release;
		};
/* End XCConfigurationList section */
	};
	rootObject = 84452037286D7443009680F1 /* Project object */;
}
